
Microsoft Visual Studio Solution File, Format Version 12.00
# Visual Studio Version 17
VisualStudioVersion = 17.2.32516.85
MinimumVisualStudioVersion = 10.0.40219.1
Project("{2150E333-8FDC-42A3-9474-1A3956D46DE8}") = "Solution Items", "Solution Items", "{AC8E964C-7F86-4DE1-BF9F-5B2217EEEC48}"
	ProjectSection(SolutionItems) = preProject
		.editorconfig = .editorconfig
		global.json = global.json
	EndProjectSection
EndProject
Project("{9A19103F-16F7-4668-BE54-9A1E7A4F7556}") = "TiredDoctorManhattan.Wasm", "TiredDoctorManhattan.Wasm\TiredDoctorManhattan.Wasm.csproj", "{AD079EAA-2271-4AD4-B378-D275B74E909E}"
EndProject
Project("{9A19103F-16F7-4668-BE54-9A1E7A4F7556}") = "TiredDoctorManhattan.Shared", "TiredDoctorManhattan.Shared\TiredDoctorManhattan.Shared.csproj", "{E892673D-BB35-46CD-92D0-8D26DC5B6BD1}"
EndProject
Global
	GlobalSection(SolutionConfigurationPlatforms) = preSolution
		Debug|Any CPU = Debug|Any CPU
		Release|Any CPU = Release|Any CPU
	EndGlobalSection
	GlobalSection(ProjectConfigurationPlatforms) = postSolution
		{AD079EAA-2271-4AD4-B378-D275B74E909E}.Debug|Any CPU.ActiveCfg = Debug|Any CPU
		{AD079EAA-2271-4AD4-B378-D275B74E909E}.Debug|Any CPU.Build.0 = Debug|Any CPU
		{AD079EAA-2271-4AD4-B378-D275B74E909E}.Release|Any CPU.ActiveCfg = Release|Any CPU
		{AD079EAA-2271-4AD4-B378-D275B74E909E}.Release|Any CPU.Build.0 = Release|Any CPU
		{E892673D-BB35-46CD-92D0-8D26DC5B6BD1}.Debug|Any CPU.ActiveCfg = Debug|Any CPU
		{E892673D-BB35-46CD-92D0-8D26DC5B6BD1}.Debug|Any CPU.Build.0 = Debug|Any CPU
		{E892673D-BB35-46CD-92D0-8D26DC5B6BD1}.Release|Any CPU.ActiveCfg = Release|Any CPU
		{E892673D-BB35-46CD-92D0-8D26DC5B6BD1}.Release|Any CPU.Build.0 = Release|Any CPU
	EndGlobalSection
	GlobalSection(SolutionProperties) = preSolution
		HideSolutionNode = FALSE
	EndGlobalSection
	GlobalSection(ExtensibilityGlobals) = postSolution
		SolutionGuid = {E2E3A5D6-986A-4D21-AC83-3CCAAF45EFDC}
	EndGlobalSection
EndGlobal
